
Microsoft Visual Studio Solution File, Format Version 12.00
# Visual Studio Version 17
VisualStudioVersion = 17.5.002.0
MinimumVisualStudioVersion = 10.0.40219.1
Project("{9A19103F-16F7-4668-BE54-9A1E7A4F7556}") = "icdAPI", "icdAPI.csproj", "{BA79809C-8008-4471-8CC4-3B5DEABE5CB2}"
EndProject
Global
	GlobalSection(SolutionConfigurationPlatforms) = preSolution
		Debug|Any CPU = Debug|Any CPU
		Release|Any CPU = Release|Any CPU
	EndGlobalSection
	GlobalSection(ProjectConfigurationPlatforms) = postSolution
		{BA79809C-8008-4471-8CC4-3B5DEABE5CB2}.Debug|Any CPU.ActiveCfg = Debug|Any CPU
		{BA79809C-8008-4471-8CC4-3B5DEABE5CB2}.Debug|Any CPU.Build.0 = Debug|Any CPU
		{BA79809C-8008-4471-8CC4-3B5DEABE5CB2}.Release|Any CPU.ActiveCfg = Release|Any CPU
		{BA79809C-8008-4471-8CC4-3B5DEABE5CB2}.Release|Any CPU.Build.0 = Release|Any CPU
	EndGlobalSection
	GlobalSection(SolutionProperties) = preSolution
		HideSolutionNode = FALSE
	EndGlobalSection
	GlobalSection(ExtensibilityGlobals) = postSolution
		SolutionGuid = {4B00A805-5801-46D7-AADA-B29D758A3171}
	EndGlobalSection
EndGlobal
